{
  "name": "@thoth/server",
  "version": "1.0.0",
  "lockfileVersion": 1,
  "requires": true,
  "dependencies": {
    "@types/gm": {
      "version": "1.18.9",
      "resolved": "https://registry.npmjs.org/@types/gm/-/gm-1.18.9.tgz",
      "integrity": "sha512-b7ybB60YvNQzYauJs1ufviskjWvWRO3MizlU/4RAts77z4HzDbN3OMGAneQnrot0S28EMdNRo98epRUJ/orofQ==",
      "requires": {
        "@types/node": "*"
      }
    },
    "@types/node": {
      "version": "14.11.2",
      "resolved": "https://registry.npmjs.org/@types/node/-/node-14.11.2.tgz",
      "integrity": "sha512-jiE3QIxJ8JLNcb1Ps6rDbysDhN4xa8DJJvuC9prr6w+1tIh+QAbYyNF3tyiZNLDBIuBCf4KEcV2UvQm/V60xfA=="
    }
  }
}
